
Microsoft Visual Studio Solution File, Format Version 12.00
# Visual Studio Version 16
VisualStudioVersion = 16.0.29318.209
MinimumVisualStudioVersion = 10.0.40219.1
Project("{FAE04EC0-301F-11D3-BF4B-00C04F79EFBC}") = "Sobrecarga2", "Sobrecarga2\Sobrecarga2.csproj", "{71D150F7-F45F-4639-9A6C-145D03912296}"
EndProject
Global
	GlobalSection(SolutionConfigurationPlatforms) = preSolution
		Debug|Any CPU = Debug|Any CPU
		Release|Any CPU = Release|Any CPU
	EndGlobalSection
	GlobalSection(ProjectConfigurationPlatforms) = postSolution
		{71D150F7-F45F-4639-9A6C-145D03912296}.Debug|Any CPU.ActiveCfg = Debug|Any CPU
		{71D150F7-F45F-4639-9A6C-145D03912296}.Debug|Any CPU.Build.0 = Debug|Any CPU
		{71D150F7-F45F-4639-9A6C-145D03912296}.Release|Any CPU.ActiveCfg = Release|Any CPU
		{71D150F7-F45F-4639-9A6C-145D03912296}.Release|Any CPU.Build.0 = Release|Any CPU
	EndGlobalSection
	GlobalSection(SolutionProperties) = preSolution
		HideSolutionNode = FALSE
	EndGlobalSection
	GlobalSection(ExtensibilityGlobals) = postSolution
		SolutionGuid = {0D575DB1-7FD4-40AD-B1CA-E5FAC369BC10}
	EndGlobalSection
EndGlobal
